
Microsoft Visual Studio Solution File, Format Version 12.00
# Visual Studio Version 17
VisualStudioVersion = 17.7.34031.279
MinimumVisualStudioVersion = 10.0.40219.1
Project("{2150E333-8FDC-42A3-9474-1A3956D46DE8}") = "Domain", "Domain", "{81F0E853-08C8-48B3-9810-00FE392C5DEE}"
EndProject
Project("{2150E333-8FDC-42A3-9474-1A3956D46DE8}") = "WebService", "WebService", "{64CADD6F-2CE2-4179-ADD7-6589F3A2846E}"
EndProject
Project("{9A19103F-16F7-4668-BE54-9A1E7A4F7556}") = "KB.Web.API", "KB.Web.API\KB.Web.API.csproj", "{697E80E3-441E-4146-83D9-695D7FE2F98B}"
	ProjectSection(ProjectDependencies) = postProject
		{EB0EBE5F-5A42-4E88-A3C3-BFB9A34CB922} = {EB0EBE5F-5A42-4E88-A3C3-BFB9A34CB922}
	EndProjectSection
EndProject
Project("{9A19103F-16F7-4668-BE54-9A1E7A4F7556}") = "KB.Domain", "KB.Domain\KB.Domain.csproj", "{EB0EBE5F-5A42-4E88-A3C3-BFB9A34CB922}"
	ProjectSection(ProjectDependencies) = postProject
		{CEA51A7F-A214-4424-AF49-EF2A4002A7BF} = {CEA51A7F-A214-4424-AF49-EF2A4002A7BF}
	EndProjectSection
EndProject
Project("{2150E333-8FDC-42A3-9474-1A3956D46DE8}") = "Common", "Common", "{071FAE6B-A70C-4766-9593-063EE55D7E65}"
EndProject
Project("{FAE04EC0-301F-11D3-BF4B-00C04F79EFBC}") = "KB.Common", "KB.Common\KB.Common.csproj", "{CEA51A7F-A214-4424-AF49-EF2A4002A7BF}"
EndProject
Global
	GlobalSection(SolutionConfigurationPlatforms) = preSolution
		Debug|Any CPU = Debug|Any CPU
		Release|Any CPU = Release|Any CPU
	EndGlobalSection
	GlobalSection(ProjectConfigurationPlatforms) = postSolution
		{697E80E3-441E-4146-83D9-695D7FE2F98B}.Debug|Any CPU.ActiveCfg = Debug|Any CPU
		{697E80E3-441E-4146-83D9-695D7FE2F98B}.Debug|Any CPU.Build.0 = Debug|Any CPU
		{697E80E3-441E-4146-83D9-695D7FE2F98B}.Release|Any CPU.ActiveCfg = Release|Any CPU
		{697E80E3-441E-4146-83D9-695D7FE2F98B}.Release|Any CPU.Build.0 = Release|Any CPU
		{EB0EBE5F-5A42-4E88-A3C3-BFB9A34CB922}.Debug|Any CPU.ActiveCfg = Debug|Any CPU
		{EB0EBE5F-5A42-4E88-A3C3-BFB9A34CB922}.Debug|Any CPU.Build.0 = Debug|Any CPU
		{EB0EBE5F-5A42-4E88-A3C3-BFB9A34CB922}.Release|Any CPU.ActiveCfg = Release|Any CPU
		{EB0EBE5F-5A42-4E88-A3C3-BFB9A34CB922}.Release|Any CPU.Build.0 = Release|Any CPU
		{CEA51A7F-A214-4424-AF49-EF2A4002A7BF}.Debug|Any CPU.ActiveCfg = Debug|Any CPU
		{CEA51A7F-A214-4424-AF49-EF2A4002A7BF}.Debug|Any CPU.Build.0 = Debug|Any CPU
		{CEA51A7F-A214-4424-AF49-EF2A4002A7BF}.Release|Any CPU.ActiveCfg = Release|Any CPU
		{CEA51A7F-A214-4424-AF49-EF2A4002A7BF}.Release|Any CPU.Build.0 = Release|Any CPU
	EndGlobalSection
	GlobalSection(SolutionProperties) = preSolution
		HideSolutionNode = FALSE
	EndGlobalSection
	GlobalSection(NestedProjects) = preSolution
		{697E80E3-441E-4146-83D9-695D7FE2F98B} = {64CADD6F-2CE2-4179-ADD7-6589F3A2846E}
		{EB0EBE5F-5A42-4E88-A3C3-BFB9A34CB922} = {81F0E853-08C8-48B3-9810-00FE392C5DEE}
		{CEA51A7F-A214-4424-AF49-EF2A4002A7BF} = {071FAE6B-A70C-4766-9593-063EE55D7E65}
	EndGlobalSection
	GlobalSection(ExtensibilityGlobals) = postSolution
		SolutionGuid = {97A5AD01-39C8-4DE8-AEE9-582AF58D295E}
	EndGlobalSection
EndGlobal
